Microsoft Visual Studio Solution File, Format Version 12.00
# Visual Studio 15
VisualStudioVersion = 15.0.26430.14
MinimumVisualStudioVersion = 10.0.40219.1
Project("{FAE04EC0-301F-11D3-BF4B-00C04F79EFBC}") = "TwilioAccounts.Standard", "TwilioAccounts.Standard/TwilioAccounts.Standard.csproj", "{8e3b409f-647b-484d-9587-8c0c5a2c284c}"
EndProject
Global
    GlobalSection(SolutionConfigurationPlatforms) = preSolution
        Debug|Any CPU = Debug|Any CPU
        Release|Any CPU = Release|Any CPU
    EndGlobalSection
    GlobalSection(ProjectConfigurationPlatforms) = postSolution
        {8e3b409f-647b-484d-9587-8c0c5a2c284c}.Debug|Any CPU.ActiveCfg = Debug|Any CPU
        {8e3b409f-647b-484d-9587-8c0c5a2c284c}.Debug|Any CPU.Build.0 = Debug|Any CPU
        {8e3b409f-647b-484d-9587-8c0c5a2c284c}.Release|Any CPU.ActiveCfg = Release|Any CPU
        {8e3b409f-647b-484d-9587-8c0c5a2c284c}.Release|Any CPU.Build.0 = Release|Any CPU
    EndGlobalSection
    GlobalSection(SolutionProperties) = preSolution
        HideSolutionNode = FALSE
    EndGlobalSection
EndGlobal